
Microsoft Visual Studio Solution File, Format Version 12.00
# Visual Studio Version 17
VisualStudioVersion = 17.9.34607.119
MinimumVisualStudioVersion = 10.0.40219.1
Project("{FAE04EC0-301F-11D3-BF4B-00C04F79EFBC}") = "Palkanlasku", "Palkanlasku\Palkanlasku.csproj", "{7BA02BD2-5DD1-49C8-9922-79E6291C1E90}"
EndProject
Global
	GlobalSection(SolutionConfigurationPlatforms) = preSolution
		Debug|Any CPU = Debug|Any CPU
		Release|Any CPU = Release|Any CPU
	EndGlobalSection
	GlobalSection(ProjectConfigurationPlatforms) = postSolution
		{7BA02BD2-5DD1-49C8-9922-79E6291C1E90}.Debug|Any CPU.ActiveCfg = Debug|Any CPU
		{7BA02BD2-5DD1-49C8-9922-79E6291C1E90}.Debug|Any CPU.Build.0 = Debug|Any CPU
		{7BA02BD2-5DD1-49C8-9922-79E6291C1E90}.Release|Any CPU.ActiveCfg = Release|Any CPU
		{7BA02BD2-5DD1-49C8-9922-79E6291C1E90}.Release|Any CPU.Build.0 = Release|Any CPU
	EndGlobalSection
	GlobalSection(SolutionProperties) = preSolution
		HideSolutionNode = FALSE
	EndGlobalSection
	GlobalSection(ExtensibilityGlobals) = postSolution
		SolutionGuid = {FEE64E97-5810-4139-95C0-3404C90FD628}
	EndGlobalSection
EndGlobal
