
Microsoft Visual Studio Solution File, Format Version 12.00
# Visual Studio Version 17
VisualStudioVersion = 17.9.34607.119
MinimumVisualStudioVersion = 10.0.40219.1
Project("{FAE04EC0-301F-11D3-BF4B-00C04F79EFBC}") = "Etäisyydet olio-ohjelmilla", "Etäisyydet olio-ohjelmilla\Etäisyydet olio-ohjelmilla.csproj", "{F99BCF67-6A13-472E-9C5B-D6234AC01EF2}"
EndProject
Global
	GlobalSection(SolutionConfigurationPlatforms) = preSolution
		Debug|Any CPU = Debug|Any CPU
		Release|Any CPU = Release|Any CPU
	EndGlobalSection
	GlobalSection(ProjectConfigurationPlatforms) = postSolution
		{F99BCF67-6A13-472E-9C5B-D6234AC01EF2}.Debug|Any CPU.ActiveCfg = Debug|Any CPU
		{F99BCF67-6A13-472E-9C5B-D6234AC01EF2}.Debug|Any CPU.Build.0 = Debug|Any CPU
		{F99BCF67-6A13-472E-9C5B-D6234AC01EF2}.Release|Any CPU.ActiveCfg = Release|Any CPU
		{F99BCF67-6A13-472E-9C5B-D6234AC01EF2}.Release|Any CPU.Build.0 = Release|Any CPU
	EndGlobalSection
	GlobalSection(SolutionProperties) = preSolution
		HideSolutionNode = FALSE
	EndGlobalSection
	GlobalSection(ExtensibilityGlobals) = postSolution
		SolutionGuid = {C7221026-DCA6-40A5-B968-A8D44A833CBB}
	EndGlobalSection
EndGlobal
