
Microsoft Visual Studio Solution File, Format Version 12.00
# Visual Studio Version 17
VisualStudioVersion = 17.9.34607.119
MinimumVisualStudioVersion = 10.0.40219.1
Project("{FAE04EC0-301F-11D3-BF4B-00C04F79EFBC}") = "1-5 luvut teht", "1-5 luvut teht\1-5 luvut teht.csproj", "{FD2A203B-95CE-45C8-AC10-AA553E2020E4}"
EndProject
Global
	GlobalSection(SolutionConfigurationPlatforms) = preSolution
		Debug|Any CPU = Debug|Any CPU
		Release|Any CPU = Release|Any CPU
	EndGlobalSection
	GlobalSection(ProjectConfigurationPlatforms) = postSolution
		{FD2A203B-95CE-45C8-AC10-AA553E2020E4}.Debug|Any CPU.ActiveCfg = Debug|Any CPU
		{FD2A203B-95CE-45C8-AC10-AA553E2020E4}.Debug|Any CPU.Build.0 = Debug|Any CPU
		{FD2A203B-95CE-45C8-AC10-AA553E2020E4}.Release|Any CPU.ActiveCfg = Release|Any CPU
		{FD2A203B-95CE-45C8-AC10-AA553E2020E4}.Release|Any CPU.Build.0 = Release|Any CPU
	EndGlobalSection
	GlobalSection(SolutionProperties) = preSolution
		HideSolutionNode = FALSE
	EndGlobalSection
	GlobalSection(ExtensibilityGlobals) = postSolution
		SolutionGuid = {DEC56974-F588-4998-AAD5-12FCED7E8F0D}
	EndGlobalSection
EndGlobal
