
Microsoft Visual Studio Solution File, Format Version 12.00
# Visual Studio Version 17
VisualStudioVersion = 17.9.34607.119
MinimumVisualStudioVersion = 10.0.40219.1
Project("{FAE04EC0-301F-11D3-BF4B-00C04F79EFBC}") = "Lottopeli", "Lottopeli\Lottopeli.csproj", "{4511FB2E-22E9-4D17-AB5F-BD4E944F546D}"
EndProject
Global
	GlobalSection(SolutionConfigurationPlatforms) = preSolution
		Debug|Any CPU = Debug|Any CPU
		Release|Any CPU = Release|Any CPU
	EndGlobalSection
	GlobalSection(ProjectConfigurationPlatforms) = postSolution
		{4511FB2E-22E9-4D17-AB5F-BD4E944F546D}.Debug|Any CPU.ActiveCfg = Debug|Any CPU
		{4511FB2E-22E9-4D17-AB5F-BD4E944F546D}.Debug|Any CPU.Build.0 = Debug|Any CPU
		{4511FB2E-22E9-4D17-AB5F-BD4E944F546D}.Release|Any CPU.ActiveCfg = Release|Any CPU
		{4511FB2E-22E9-4D17-AB5F-BD4E944F546D}.Release|Any CPU.Build.0 = Release|Any CPU
	EndGlobalSection
	GlobalSection(SolutionProperties) = preSolution
		HideSolutionNode = FALSE
	EndGlobalSection
	GlobalSection(ExtensibilityGlobals) = postSolution
		SolutionGuid = {7C5E498A-F616-4B3A-8AE6-B83A1AE7EC66}
	EndGlobalSection
EndGlobal
