
Microsoft Visual Studio Solution File, Format Version 12.00
# Visual Studio Version 17
VisualStudioVersion = 17.9.34607.119
MinimumVisualStudioVersion = 10.0.40219.1
Project("{FAE04EC0-301F-11D3-BF4B-00C04F79EFBC}") = "Tulosta luvt1", "Tulosta luvt1\Tulosta luvt1.csproj", "{6FE33425-3B79-4690-A915-E883048F77DE}"
EndProject
Global
	GlobalSection(SolutionConfigurationPlatforms) = preSolution
		Debug|Any CPU = Debug|Any CPU
		Release|Any CPU = Release|Any CPU
	EndGlobalSection
	GlobalSection(ProjectConfigurationPlatforms) = postSolution
		{6FE33425-3B79-4690-A915-E883048F77DE}.Debug|Any CPU.ActiveCfg = Debug|Any CPU
		{6FE33425-3B79-4690-A915-E883048F77DE}.Debug|Any CPU.Build.0 = Debug|Any CPU
		{6FE33425-3B79-4690-A915-E883048F77DE}.Release|Any CPU.ActiveCfg = Release|Any CPU
		{6FE33425-3B79-4690-A915-E883048F77DE}.Release|Any CPU.Build.0 = Release|Any CPU
	EndGlobalSection
	GlobalSection(SolutionProperties) = preSolution
		HideSolutionNode = FALSE
	EndGlobalSection
	GlobalSection(ExtensibilityGlobals) = postSolution
		SolutionGuid = {37CB748E-1034-488A-8D63-5C5B3ECE5576}
	EndGlobalSection
EndGlobal
