
Microsoft Visual Studio Solution File, Format Version 12.00
# Visual Studio Version 17
VisualStudioVersion = 17.9.34607.119
MinimumVisualStudioVersion = 10.0.40219.1
Project("{FAE04EC0-301F-11D3-BF4B-00C04F79EFBC}") = "Parillinen pariton", "Parillinen pariton\Parillinen pariton.csproj", "{6A258AA5-4BB8-4A95-8330-CDC7CC095A2B}"
EndProject
Global
	GlobalSection(SolutionConfigurationPlatforms) = preSolution
		Debug|Any CPU = Debug|Any CPU
		Release|Any CPU = Release|Any CPU
	EndGlobalSection
	GlobalSection(ProjectConfigurationPlatforms) = postSolution
		{6A258AA5-4BB8-4A95-8330-CDC7CC095A2B}.Debug|Any CPU.ActiveCfg = Debug|Any CPU
		{6A258AA5-4BB8-4A95-8330-CDC7CC095A2B}.Debug|Any CPU.Build.0 = Debug|Any CPU
		{6A258AA5-4BB8-4A95-8330-CDC7CC095A2B}.Release|Any CPU.ActiveCfg = Release|Any CPU
		{6A258AA5-4BB8-4A95-8330-CDC7CC095A2B}.Release|Any CPU.Build.0 = Release|Any CPU
	EndGlobalSection
	GlobalSection(SolutionProperties) = preSolution
		HideSolutionNode = FALSE
	EndGlobalSection
	GlobalSection(ExtensibilityGlobals) = postSolution
		SolutionGuid = {C6E67F63-9F1B-441D-A7EA-CA4CBFF74DF9}
	EndGlobalSection
EndGlobal
