
Microsoft Visual Studio Solution File, Format Version 12.00
# Visual Studio Version 17
VisualStudioVersion = 17.9.34607.119
MinimumVisualStudioVersion = 10.0.40219.1
Project("{FAE04EC0-301F-11D3-BF4B-00C04F79EFBC}") = "WindowsFormsApp1", "WindowsFormsApp1\WindowsFormsApp1.csproj", "{CDD93376-697F-4CE4-97F2-13E86AAB8782}"
EndProject
Global
	GlobalSection(SolutionConfigurationPlatforms) = preSolution
		Debug|Any CPU = Debug|Any CPU
		Release|Any CPU = Release|Any CPU
	EndGlobalSection
	GlobalSection(ProjectConfigurationPlatforms) = postSolution
		{CDD93376-697F-4CE4-97F2-13E86AAB8782}.Debug|Any CPU.ActiveCfg = Debug|Any CPU
		{CDD93376-697F-4CE4-97F2-13E86AAB8782}.Debug|Any CPU.Build.0 = Debug|Any CPU
		{CDD93376-697F-4CE4-97F2-13E86AAB8782}.Release|Any CPU.ActiveCfg = Release|Any CPU
		{CDD93376-697F-4CE4-97F2-13E86AAB8782}.Release|Any CPU.Build.0 = Release|Any CPU
	EndGlobalSection
	GlobalSection(SolutionProperties) = preSolution
		HideSolutionNode = FALSE
	EndGlobalSection
	GlobalSection(ExtensibilityGlobals) = postSolution
		SolutionGuid = {5AD7F971-D90A-4308-B9C7-9AE221C2EC1F}
	EndGlobalSection
EndGlobal
