
Microsoft Visual Studio Solution File, Format Version 12.00
# Visual Studio Version 17
VisualStudioVersion = 17.9.34607.119
MinimumVisualStudioVersion = 10.0.40219.1
Project("{FAE04EC0-301F-11D3-BF4B-00C04F79EFBC}") = "Poista kirjaimia alusta sekä lopusta", "Poista kirjaimia alusta sekä lopusta\Poista kirjaimia alusta sekä lopusta.csproj", "{989A0E21-31C8-4754-AA8D-430F2EF8A1AD}"
EndProject
Global
	GlobalSection(SolutionConfigurationPlatforms) = preSolution
		Debug|Any CPU = Debug|Any CPU
		Release|Any CPU = Release|Any CPU
	EndGlobalSection
	GlobalSection(ProjectConfigurationPlatforms) = postSolution
		{989A0E21-31C8-4754-AA8D-430F2EF8A1AD}.Debug|Any CPU.ActiveCfg = Debug|Any CPU
		{989A0E21-31C8-4754-AA8D-430F2EF8A1AD}.Debug|Any CPU.Build.0 = Debug|Any CPU
		{989A0E21-31C8-4754-AA8D-430F2EF8A1AD}.Release|Any CPU.ActiveCfg = Release|Any CPU
		{989A0E21-31C8-4754-AA8D-430F2EF8A1AD}.Release|Any CPU.Build.0 = Release|Any CPU
	EndGlobalSection
	GlobalSection(SolutionProperties) = preSolution
		HideSolutionNode = FALSE
	EndGlobalSection
	GlobalSection(ExtensibilityGlobals) = postSolution
		SolutionGuid = {A8FFBBEA-41BA-4E46-9D47-D73146C748B6}
	EndGlobalSection
EndGlobal
