
Microsoft Visual Studio Solution File, Format Version 12.00
# Visual Studio Version 17
VisualStudioVersion = 17.9.34607.119
MinimumVisualStudioVersion = 10.0.40219.1
Project("{FAE04EC0-301F-11D3-BF4B-00C04F79EFBC}") = "Matti ja Arto", "Matti ja Arto\Matti ja Arto.csproj", "{9C261AD8-7F40-44CE-AF26-C8CE8F6D7ACB}"
EndProject
Global
	GlobalSection(SolutionConfigurationPlatforms) = preSolution
		Debug|Any CPU = Debug|Any CPU
		Release|Any CPU = Release|Any CPU
	EndGlobalSection
	GlobalSection(ProjectConfigurationPlatforms) = postSolution
		{9C261AD8-7F40-44CE-AF26-C8CE8F6D7ACB}.Debug|Any CPU.ActiveCfg = Debug|Any CPU
		{9C261AD8-7F40-44CE-AF26-C8CE8F6D7ACB}.Debug|Any CPU.Build.0 = Debug|Any CPU
		{9C261AD8-7F40-44CE-AF26-C8CE8F6D7ACB}.Release|Any CPU.ActiveCfg = Release|Any CPU
		{9C261AD8-7F40-44CE-AF26-C8CE8F6D7ACB}.Release|Any CPU.Build.0 = Release|Any CPU
	EndGlobalSection
	GlobalSection(SolutionProperties) = preSolution
		HideSolutionNode = FALSE
	EndGlobalSection
	GlobalSection(ExtensibilityGlobals) = postSolution
		SolutionGuid = {3CCA57A4-5556-4A38-8B4B-71E4668C646C}
	EndGlobalSection
EndGlobal
